
Microsoft Visual Studio Solution File, Format Version 12.00
# Visual Studio Version 17
VisualStudioVersion = 17.11.35327.3
MinimumVisualStudioVersion = 10.0.40219.1
Project("{FAE04EC0-301F-11D3-BF4B-00C04F79EFBC}") = "DawnOfSalem", "DawnOfSalem.csproj", "{9A4A214F-9C20-4E34-A37F-5C084CC98315}"
EndProject
Global
	GlobalSection(SolutionConfigurationPlatforms) = preSolution
		Debug|Any CPU = Debug|Any CPU
		Release|Any CPU = Release|Any CPU
	EndGlobalSection
	GlobalSection(ProjectConfigurationPlatforms) = postSolution
		{9A4A214F-9C20-4E34-A37F-5C084CC98315}.Debug|Any CPU.ActiveCfg = Debug|Any CPU
		{9A4A214F-9C20-4E34-A37F-5C084CC98315}.Debug|Any CPU.Build.0 = Debug|Any CPU
		{9A4A214F-9C20-4E34-A37F-5C084CC98315}.Release|Any CPU.ActiveCfg = Release|Any CPU
		{9A4A214F-9C20-4E34-A37F-5C084CC98315}.Release|Any CPU.Build.0 = Release|Any CPU
	EndGlobalSection
	GlobalSection(SolutionProperties) = preSolution
		HideSolutionNode = FALSE
	EndGlobalSection
	GlobalSection(ExtensibilityGlobals) = postSolution
		SolutionGuid = {591EBAE7-5BC5-4921-BC15-CB2D90C0D6FD}
	EndGlobalSection
EndGlobal
